
Microsoft Visual Studio Solution File, Format Version 12.00
# Visual Studio Version 17
VisualStudioVersion = 17.9.34616.47
MinimumVisualStudioVersion = 10.0.40219.1
Project("{FAE04EC0-301F-11D3-BF4B-00C04F79EFBC}") = "HangFireApp", "HangFireApp\HangFireApp.csproj", "{55EFFD4D-EC4B-4EFD-B4FB-D6236E37D178}"
EndProject
Project("{FAE04EC0-301F-11D3-BF4B-00C04F79EFBC}") = "HangFireService", "HangFireService\HangFireService.csproj", "{55766884-BD65-4552-8371-27002FAB9A47}"
EndProject
Global
	GlobalSection(SolutionConfigurationPlatforms) = preSolution
		Debug|Any CPU = Debug|Any CPU
		Release|Any CPU = Release|Any CPU
	EndGlobalSection
	GlobalSection(ProjectConfigurationPlatforms) = postSolution
		{55EFFD4D-EC4B-4EFD-B4FB-D6236E37D178}.Debug|Any CPU.ActiveCfg = Debug|Any CPU
		{55EFFD4D-EC4B-4EFD-B4FB-D6236E37D178}.Debug|Any CPU.Build.0 = Debug|Any CPU
		{55EFFD4D-EC4B-4EFD-B4FB-D6236E37D178}.Release|Any CPU.ActiveCfg = Release|Any CPU
		{55EFFD4D-EC4B-4EFD-B4FB-D6236E37D178}.Release|Any CPU.Build.0 = Release|Any CPU
		{55766884-BD65-4552-8371-27002FAB9A47}.Debug|Any CPU.ActiveCfg = Debug|Any CPU
		{55766884-BD65-4552-8371-27002FAB9A47}.Debug|Any CPU.Build.0 = Debug|Any CPU
		{55766884-BD65-4552-8371-27002FAB9A47}.Release|Any CPU.ActiveCfg = Release|Any CPU
		{55766884-BD65-4552-8371-27002FAB9A47}.Release|Any CPU.Build.0 = Release|Any CPU
	EndGlobalSection
	GlobalSection(SolutionProperties) = preSolution
		HideSolutionNode = FALSE
	EndGlobalSection
	GlobalSection(ExtensibilityGlobals) = postSolution
		SolutionGuid = {4D9923D8-D13E-4F03-B1B0-C054A0539507}
	EndGlobalSection
EndGlobal
